
Microsoft Visual Studio Solution File, Format Version 12.00
# Visual Studio Version 16
VisualStudioVersion = 16.0.31515.178
MinimumVisualStudioVersion = 10.0.40219.1
Project("{888888A0-9F3D-457C-B088-3A5042F75D52}") = "Course Project4", "Course Project4.pyproj", "{18A4CB59-2020-4F02-9581-8BEA10E3D126}"
EndProject
Global
	GlobalSection(SolutionConfigurationPlatforms) = preSolution
		Debug|Any CPU = Debug|Any CPU
		Release|Any CPU = Release|Any CPU
	EndGlobalSection
	GlobalSection(ProjectConfigurationPlatforms) = postSolution
		{18A4CB59-2020-4F02-9581-8BEA10E3D126}.Debug|Any CPU.ActiveCfg = Debug|Any CPU
		{18A4CB59-2020-4F02-9581-8BEA10E3D126}.Release|Any CPU.ActiveCfg = Release|Any CPU
	EndGlobalSection
	GlobalSection(SolutionProperties) = preSolution
		HideSolutionNode = FALSE
	EndGlobalSection
	GlobalSection(ExtensibilityGlobals) = postSolution
		SolutionGuid = {0CCB09CE-E28D-4DD9-A203-8F583D2514AE}
	EndGlobalSection
EndGlobal
